
Microsoft Visual Studio Solution File, Format Version 12.00
# Visual Studio Version 17
VisualStudioVersion = 17.0.32126.317
MinimumVisualStudioVersion = 10.0.40219.1
Project("{FAE04EC0-301F-11D3-BF4B-00C04F79EFBC}") = "RedisSandbox", "RedisSandbox\RedisSandbox.csproj", "{9FDE97D2-1BAE-4239-BC96-8F563344BF32}"
EndProject
Global
	GlobalSection(SolutionConfigurationPlatforms) = preSolution
		Debug|Any CPU = Debug|Any CPU
		Release|Any CPU = Release|Any CPU
	EndGlobalSection
	GlobalSection(ProjectConfigurationPlatforms) = postSolution
		{9FDE97D2-1BAE-4239-BC96-8F563344BF32}.Debug|Any CPU.ActiveCfg = Debug|Any CPU
		{9FDE97D2-1BAE-4239-BC96-8F563344BF32}.Debug|Any CPU.Build.0 = Debug|Any CPU
		{9FDE97D2-1BAE-4239-BC96-8F563344BF32}.Release|Any CPU.ActiveCfg = Release|Any CPU
		{9FDE97D2-1BAE-4239-BC96-8F563344BF32}.Release|Any CPU.Build.0 = Release|Any CPU
	EndGlobalSection
	GlobalSection(SolutionProperties) = preSolution
		HideSolutionNode = FALSE
	EndGlobalSection
	GlobalSection(ExtensibilityGlobals) = postSolution
		SolutionGuid = {22940408-722F-43C1-9884-8C0355847833}
	EndGlobalSection
EndGlobal
